
Microsoft Visual Studio Solution File, Format Version 12.00
# Visual Studio Version 17
VisualStudioVersion = 17.0.32002.185
MinimumVisualStudioVersion = 10.0.40219.1
Project("{FAE04EC0-301F-11D3-BF4B-00C04F79EFBC}") = "TemperatureCalculator", "TemperatureCalculator\TemperatureCalculator.csproj", "{0D5A5A81-924C-496E-B843-E422641EBA88}"
EndProject
Global
	GlobalSection(SolutionConfigurationPlatforms) = preSolution
		Debug|Any CPU = Debug|Any CPU
		Release|Any CPU = Release|Any CPU
	EndGlobalSection
	GlobalSection(ProjectConfigurationPlatforms) = postSolution
		{0D5A5A81-924C-496E-B843-E422641EBA88}.Debug|Any CPU.ActiveCfg = Debug|Any CPU
		{0D5A5A81-924C-496E-B843-E422641EBA88}.Debug|Any CPU.Build.0 = Debug|Any CPU
		{0D5A5A81-924C-496E-B843-E422641EBA88}.Release|Any CPU.ActiveCfg = Release|Any CPU
		{0D5A5A81-924C-496E-B843-E422641EBA88}.Release|Any CPU.Build.0 = Release|Any CPU
	EndGlobalSection
	GlobalSection(SolutionProperties) = preSolution
		HideSolutionNode = FALSE
	EndGlobalSection
	GlobalSection(ExtensibilityGlobals) = postSolution
		SolutionGuid = {CAF1F555-97F8-4F00-B098-1F62CA68C3F5}
	EndGlobalSection
EndGlobal
